// !$*UTF8*$!
{
	archiveVersion = 1;
	classes = {
		};
	objects = {
		0000006B000031cfc05e2f34 = {
			isa = PBXBuildFile;
			fileRef = 0000006C000031cfc05e2f34;
			};
		00000027000031cfc05e2f34 = {
			isa = PBXBuildFile;
			fileRef = 00000028000031cfc05e2f34;
			};
		00000080000031cfc05e2f34 = {
			isa = XCConfigurationList;
			defaultConfigurationName = Release;
			buildConfigurations = (
				00000086000031cfc05e2f34,
				);
			defaultConfigurationIsVisible = 0;
			};
		00000060000031cfc05e2f34 = {
			name = libBlueExposure.a;
			fileEncoding = 4;
			lastKnownFileType = archive.ar;
			path = "../../autobuild/BlueExposure/exefile/MacOsXx86_64/clang4.2/libBlueExposure.a";
			isa = PBXFileReference;
			sourceTree = "<group>";
			};
		0000000E000031cfc05e2f34 = {
			name = Metadata.cpp;
			fileEncoding = 4;
			lastKnownFileType = sourcecode.cpp.cpp;
			path = Metadata.cpp;
			isa = PBXFileReference;
			sourceTree = "<group>";
			};
		00000061000031cfc05e2f34 = {
			isa = PBXBuildFile;
			fileRef = 00000062000031cfc05e2f34;
			};
		00000019000031cfc05e2f34 = {
			isa = PBXBuildFile;
			fileRef = 0000001A000031cfc05e2f34;
			};
		00000003000031cfc05e2f34 = {
			isa = PBXBuildFile;
			fileRef = 00000004000031cfc05e2f34;
			};
		00000064000031cfc05e2f34 = {
			name = libnestegg.a;
			fileEncoding = 4;
			lastKnownFileType = archive.ar;
			path = "../../../../../../sdk/libnestegg/2015.03.23_modified/lib/MacOsXx86_64/clang4.2/libnestegg.a";
			isa = PBXFileReference;
			sourceTree = "<group>";
			};
		00000066000031cfc05e2f34 = {
			name = libgtest.a;
			fileEncoding = 4;
			lastKnownFileType = archive.ar;
			path = "../../../../../../sdk/googletest/1.6.0/lib/MacOsXx86_64/libgtest.a";
			isa = PBXFileReference;
			sourceTree = "<group>";
			};
		0000005D000031cfc05e2f34 = {
			isa = PBXBuildFile;
			fileRef = 0000005E000031cfc05e2f34;
			};
		0000005F000031cfc05e2f34 = {
			isa = PBXBuildFile;
			fileRef = 00000060000031cfc05e2f34;
			};
		0000002F000031cfc05e2f34 = {
			isa = PBXBuildFile;
			fileRef = 00000030000031cfc05e2f34;
			};
		00000021000031cfc05e2f34 = {
			isa = PBXBuildFile;
			fileRef = 00000022000031cfc05e2f34;
			};
		00000047000031cfc05e2f34 = {
			isa = PBXBuildFile;
			fileRef = 00000048000031cfc05e2f34;
			};
		00000013000031cfc05e2f34 = {
			isa = PBXBuildFile;
			fileRef = 00000014000031cfc05e2f34;
			};
		00000082000031cfc05e2f34 = {
			projectDirPath = "";
			targets = (
				00000079000031cfc05e2f34,
				0000007C000031cfc05e2f34,
				0000007F000031cfc05e2f34,
				);
			knownRegions = (
				en,
				);
			developmentRegion = English;
			projectRoot = "";
			hasScannedForEncodings = 0;
			compatibilityVersion = "Xcode 3.2";
			mainGroup = 00000077000031cfc05e2f34;
			attributes = {
				ORGANIZATIONNAME = CCP;
				LastUpgradeCheck = 0460;
				};
			isa = PBXProject;
			buildConfigurationList = 00000083000031cfc05e2f34;
			};
		0000007B000031cfc05e2f34 = {
			files = (
				0000005B000031cfc05e2f34,
				00000061000031cfc05e2f34,
				00000063000031cfc05e2f34,
				00000067000031cfc05e2f34,
				00000069000031cfc05e2f34,
				0000006B000031cfc05e2f34,
				0000006D000031cfc05e2f34,
				0000006F000031cfc05e2f34,
				);
			buildActionMask = 2147483647;
			isa = PBXFrameworksBuildPhase;
			runOnlyForDeploymentPostprocessing = 0;
			};
		00000074000031cfc05e2f34 = {
			path = _videoplayer.so;
			isa = PBXFileReference;
			includeInIndex = 0;
			explicitFileType = "compiled.mach-o.dylib";
			sourceTree = BUILT_PRODUCTS_DIR;
			};
		00000028000031cfc05e2f34 = {
			name = main.cpp;
			fileEncoding = 4;
			lastKnownFileType = sourcecode.cpp.cpp;
			path = "test/main.cpp";
			isa = PBXFileReference;
			sourceTree = "<group>";
			};
		00000046000031cfc05e2f34 = {
			name = StdAfx.h;
			fileEncoding = 4;
			lastKnownFileType = sourcecode.cpp.h;
			path = StdAfx.h;
			isa = PBXFileReference;
			sourceTree = "<group>";
			};
		00000057000031cfc05e2f34 = {
			isa = PBXBuildFile;
			fileRef = 00000058000031cfc05e2f34;
			};
		0000007C000031cfc05e2f34 = {
			dependencies = (
				);
			productReference = 00000075000031cfc05e2f34;
			name = Release_Mac64;
			productType = "com.apple.product-type.library.dynamic";
			buildRules = (
				);
			isa = PBXNativeTarget;
			productName = videoplayer;
			buildConfigurationList = 0000007D000031cfc05e2f34;
			buildPhases = (
				00000078000031cfc05e2f34,
				0000007E000031cfc05e2f34,
				);
			};
		00000005000031cfc05e2f34 = {
			isa = PBXBuildFile;
			fileRef = 00000006000031cfc05e2f34;
			};
		0000005C000031cfc05e2f34 = {
			name = libvorbis.a;
			fileEncoding = 4;
			lastKnownFileType = archive.ar;
			path = "../../../../../../sdk/vorbis/1.3.2-1.3.5/lib/MacOsXx86_64/clang4.2/libvorbis.a";
			isa = PBXFileReference;
			sourceTree = "<group>";
			};
		00000085000031cfc05e2f34 = {
			isa = XCBuildConfiguration;
			buildSettings = {
				HEADER_SEARCH_PATHS = (
					"../../../carbon/src/stackless/include",
					"../../../carbon/src/stackless/stackless",
					"../../../carbon/src/stackless/Mac",
					"../../../carbon/src/stackless/include",
					"../../../carbon/src/stackless/stackless",
					"../../../../../../sdk/telemetry/3.0.1.1008/include",
					"../../../../../../sdk/telemetry/3.0.1.1008/include",
					"../../../carbon/src/stackless/Mac",
					"../../../carbon/src/stackless/include",
					"../../../carbon/src/stackless/stackless",
					"../../../carbon/src/stackless/Mac",
					"../../../carbon/src/stackless/include",
					"../../../carbon/src/stackless/stackless",
					"../../../carbon/src/stackless/Mac",
					"../../../../../../sdk/telemetry/3.0.1.1008/include",
					"../../../../../../sdk/telemetry/3.0.1.1008/include",
					"../../../carbon/src/stackless/include",
					"../../../carbon/src/stackless/stackless",
					"../../../../../../sdk/telemetry/3.0.1.1008/include",
					"../../../carbon/src/stackless/Mac",
					"../../../../../../sdk/telemetry/3.0.1.1008/include",
					.,
					"../../../carbon/src",
					"../../../../../../sdk/libnestegg/2015.03.23_modified/include",
					"../../../../../../sdk/libvpx/1.6.1/include",
					"../../../../../../sdk/vorbis/1.3.2-1.3.5/include",
					..,
					);
				CLANG_WARN_INT_CONVERSION = YES;
				GCC_WARN_64_TO_32_BIT_CONVERSION = YES;
				CLANG_CXX_LANGUAGE_STANDARD = "gnu++0x";
				OTHER_LDFLAGS = "-headerpad_max_install_names";
				CLANG_WARN_ENUM_CONVERSION = YES;
				CLANG_WARN_EMPTY_BODY = YES;
				GCC_WARN_ABOUT_RETURN_TYPE = YES;
				PRODUCT_NAME = _videoplayer;
				ARCHS = "$(ARCHS_STANDARD_64_BIT)";
				GCC_WARN_UNINITIALIZED_AUTOS = YES;
				CONFIGURATION_BUILD_DIR = "$(BUILD_DIR)/";
				MACOSX_DEPLOYMENT_TARGET = 10.8;
				GCC_OPTIMIZATION_LEVEL = s;
				ONLY_ACTIVE_ARCH = YES;
				GCC_SYMBOLS_PRIVATE_EXTERN = YES;
				CLANG_WARN__DUPLICATE_METHOD_MATCH = YES;
				CLANG_WARN_CONSTANT_CONVERSION = YES;
				GCC_C_LANGUAGE_STANDARD = gnu99;
				GCC_ENABLE_OBJC_EXCEPTIONS = YES;
				LIBRARY_SEARCH_PATHS = (
					"../../../carbon/autobuild/stackless/MacOsX$(ARCHS)",
					"../../../carbon/bin/stackless/MacOsX$(ARCHS)",
					"../../../carbon/autobuild/stackless/MacOsX$(ARCHS)",
					"../../../../../../sdk/telemetry/3.0.1.1008/lib",
					"../../../carbon/autobuild/blue/exefile/MacOsX$(ARCHS)/clang4.2/",
					"../../../../../../sdk/telemetry/3.0.1.1008/lib",
					"../../../carbon/autobuild/CcpCore/MacOsX$(ARCHS)/clang4.2/",
					"../../../carbon/bin/stackless/MacOsX$(ARCHS)",
					"../../../carbon/autobuild/stackless/MacOsX$(ARCHS)",
					"../../../carbon/bin/stackless/MacOsX$(ARCHS)",
					"../../../carbon/autobuild/stackless/MacOsX$(ARCHS)",
					"../../../carbon/bin/stackless/MacOsX$(ARCHS)",
					"../../../../../../sdk/telemetry/3.0.1.1008/lib",
					"../../../../../../sdk/telemetry/3.0.1.1008/lib",
					"../../../carbon/autobuild/stackless/MacOsX$(ARCHS)",
					"../../../../../../sdk/telemetry/3.0.1.1008/lib",
					"../../../carbon/autobuild/blue/exefile/MacOsX$(ARCHS)/clang4.2/",
					"../../../carbon/bin/stackless/MacOsX$(ARCHS)",
					"../../../../../../sdk/telemetry/3.0.1.1008/lib",
					"../../../carbon/autobuild/CcpCore/MacOsX$(ARCHS)/clang4.2/",
					"../../../../../../sdk/libnestegg/2015.03.23_modified/lib/MacOsX$(ARCHS)/clang4.2",
					"../../../../../../sdk/libvpx/1.6.1/lib/MacOsX$(ARCHS)/clang4.2",
					"../../../../../../sdk/vorbis/1.3.2-1.3.5/lib/MacOsX$(ARCHS)/clang4.2",
					);
				SYMROOT = "../../autobuild/videoplayer/exefile/MacOsX$(ARCHS)/clang4.2";
				OBJROOT = "../temp/VideoPlayer/exefile/MacOsX$(ARCHS)/$(CONFIGURATION)/clang4.2";
				GCC_TREAT_WARNINGS_AS_ERRORS = YES;
				LD_DYLIB_INSTALL_NAME = "@rpath/$(PRODUCT_NAME).so";
				GCC_PRECOMPILE_PREFIX_HEADER = YES;
				CONFIGURATION_TEMP_DIR = "../temp/VideoPlayer/exefile/MacOsX$(ARCHS)/$(CONFIGURATION)/clang4.2";
				GCC_PREPROCESSOR_DEFINITIONS = (
					NDEBUG,
					"CCP_STACKLESS=1",
					"BLUE_WITH_PYTHON=1",
					"PyMODINIT_FUNC=\"__attribute((visibility(\\\"default\\\"))) extern \\\"C\\\" void\"",
					"CCP_STACKLESS=1",
					"BLUE_WITH_PYTHON=1",
					"PyMODINIT_FUNC=\"__attribute((visibility(\\\"default\\\"))) extern \\\"C\\\" void\"",
					"CCP_STACKLESS=1",
					"BLUE_WITH_PYTHON=1",
					"PyMODINIT_FUNC=\"__attribute((visibility(\\\"default\\\"))) extern \\\"C\\\" void\"",
					"CCP_STACKLESS=1",
					"BLUE_WITH_PYTHON=1",
					"PyMODINIT_FUNC=\"__attribute((visibility(\\\"default\\\"))) extern \\\"C\\\" void\"",
					"CCP_STACKLESS=1",
					"BLUE_WITH_PYTHON=1",
					"PyMODINIT_FUNC=\"__attribute((visibility(\\\"default\\\"))) extern \\\"C\\\" void\"",
					"$(inherited)",
					);
				COPY_PHASE_STRIP = NO;
				CLANG_CXX_LIBRARY = "libc++";
				GCC_PREFIX_HEADER = StdAfx.h;
				EXECUTABLE_EXTENSION = so;
				GCC_DYNAMIC_NO_PIC = NO;
				SDKROOT = macosx;
				ALWAYS_SEARCH_USER_PATHS = NO;
				};
			name = Release;
			};
		00000058000031cfc05e2f34 = {
			name = TestUtilities.h;
			fileEncoding = 4;
			lastKnownFileType = sourcecode.cpp.h;
			path = "test/TestUtilities.h";
			isa = PBXFileReference;
			sourceTree = "<group>";
			};
		00000020000031cfc05e2f34 = {
			name = VpxDecoder.cpp;
			fileEncoding = 4;
			lastKnownFileType = sourcecode.cpp.cpp;
			path = VpxDecoder.cpp;
			isa = PBXFileReference;
			sourceTree = "<group>";
			};
		00000052000031cfc05e2f34 = {
			name = VpxDecoder.h;
			fileEncoding = 4;
			lastKnownFileType = sourcecode.cpp.h;
			path = VpxDecoder.h;
			isa = PBXFileReference;
			sourceTree = "<group>";
			};
		00000004000031cfc05e2f34 = {
			name = Audio2Sink_Blue.cpp;
			fileEncoding = 4;
			lastKnownFileType = sourcecode.cpp.cpp;
			path = Audio2Sink_Blue.cpp;
			isa = PBXFileReference;
			sourceTree = "<group>";
			};
		00000032000031cfc05e2f34 = {
			name = TestVpxDecoder.cpp;
			fileEncoding = 4;
			lastKnownFileType = sourcecode.cpp.cpp;
			path = "test/TestVpxDecoder.cpp";
			isa = PBXFileReference;
			sourceTree = "<group>";
			};
		00000045000031cfc05e2f34 = {
			isa = PBXBuildFile;
			fileRef = 00000046000031cfc05e2f34;
			};
		0000000B000031cfc05e2f34 = {
			isa = PBXBuildFile;
			fileRef = 0000000C000031cfc05e2f34;
			};
		0000002C000031cfc05e2f34 = {
			name = TestUtilities.cpp;
			fileEncoding = 4;
			lastKnownFileType = sourcecode.cpp.cpp;
			path = "test/TestUtilities.cpp";
			isa = PBXFileReference;
			sourceTree = "<group>";
			};
		0000000C000031cfc05e2f34 = {
			name = IVideoDecoder.cpp;
			fileEncoding = 4;
			lastKnownFileType = sourcecode.cpp.cpp;
			path = IVideoDecoder.cpp;
			isa = PBXFileReference;
			sourceTree = "<group>";
			};
		00000033000031cfc05e2f34 = {
			isa = PBXBuildFile;
			fileRef = 00000034000031cfc05e2f34;
			};
		00000044000031cfc05e2f34 = {
			name = Metadata.h;
			fileEncoding = 4;
			lastKnownFileType = sourcecode.cpp.h;
			path = Metadata.h;
			isa = PBXFileReference;
			sourceTree = "<group>";
			};
		00000087000031cfc05e2f34 = {
			isa = XCBuildConfiguration;
			buildSettings = {
				};
			name = Release;
			};
		0000001D000031cfc05e2f34 = {
			isa = PBXBuildFile;
			fileRef = 0000001E000031cfc05e2f34;
			};
		00000025000031cfc05e2f34 = {
			isa = PBXBuildFile;
			fileRef = 00000026000031cfc05e2f34;
			};
		00000036000031cfc05e2f34 = {
			name = Audio2Sink.h;
			fileEncoding = 4;
			lastKnownFileType = sourcecode.cpp.h;
			path = Audio2Sink.h;
			isa = PBXFileReference;
			sourceTree = "<group>";
			};
		0000000F000031cfc05e2f34 = {
			isa = PBXBuildFile;
			fileRef = 00000010000031cfc05e2f34;
			};
		00000078000031cfc05e2f34 = {
			files = (
				00000001000031cfc05e2f34,
				00000003000031cfc05e2f34,
				00000005000031cfc05e2f34,
				00000007000031cfc05e2f34,
				00000009000031cfc05e2f34,
				0000000B000031cfc05e2f34,
				0000000D000031cfc05e2f34,
				0000000F000031cfc05e2f34,
				00000011000031cfc05e2f34,
				00000013000031cfc05e2f34,
				00000015000031cfc05e2f34,
				00000017000031cfc05e2f34,
				00000019000031cfc05e2f34,
				0000001B000031cfc05e2f34,
				0000001D000031cfc05e2f34,
				0000001F000031cfc05e2f34,
				00000021000031cfc05e2f34,
				00000023000031cfc05e2f34,
				00000025000031cfc05e2f34,
				00000027000031cfc05e2f34,
				00000029000031cfc05e2f34,
				0000002B000031cfc05e2f34,
				0000002D000031cfc05e2f34,
				0000002F000031cfc05e2f34,
				00000031000031cfc05e2f34,
				00000033000031cfc05e2f34,
				);
			buildActionMask = 2147483647;
			isa = PBXSourcesBuildPhase;
			runOnlyForDeploymentPostprocessing = 0;
			};
		0000000D000031cfc05e2f34 = {
			isa = PBXBuildFile;
			fileRef = 0000000E000031cfc05e2f34;
			};
		00000040000031cfc05e2f34 = {
			name = IVideoContainerParser.h;
			fileEncoding = 4;
			lastKnownFileType = sourcecode.cpp.h;
			path = IVideoContainerParser.h;
			isa = PBXFileReference;
			sourceTree = "<group>";
			};
		00000015000031cfc05e2f34 = {
			isa = PBXBuildFile;
			fileRef = 00000016000031cfc05e2f34;
			};
		00000041000031cfc05e2f34 = {
			isa = PBXBuildFile;
			fileRef = 00000042000031cfc05e2f34;
			};
		00000030000031cfc05e2f34 = {
			name = TestVorbisDecoder.cpp;
			fileEncoding = 4;
			lastKnownFileType = sourcecode.cpp.cpp;
			path = "test/TestVorbisDecoder.cpp";
			isa = PBXFileReference;
			sourceTree = "<group>";
			};
		00000039000031cfc05e2f34 = {
			isa = PBXBuildFile;
			fileRef = 0000003A000031cfc05e2f34;
			};
		00000086000031cfc05e2f34 = {
			isa = XCBuildConfiguration;
			buildSettings = {
				HEADER_SEARCH_PATHS = (
					"../../../../../../sdk/googletest/1.6.0/include",
					"../../../../../../shared_tools/python/27_mac/include/python2.7",
					"../../../../../../shared_tools/python/27_mac/include/python2.7",
					"../../../../../../sdk/telemetry/3.0.1.1008/include",
					"../../../../../../sdk/telemetry/3.0.1.1008/include",
					"../../../../../../sdk/telemetry/3.0.1.1008/include",
					"../../../../../../sdk/googletest/1.6.0/include",
					"../../../../../../shared_tools/python/27_mac/include/python2.7",
					"../../../../../../shared_tools/python/27_mac/include/python2.7",
					"../../../../../../sdk/telemetry/3.0.1.1008/include",
					"../../../../../../sdk/telemetry/3.0.1.1008/include",
					"../../../../../../sdk/telemetry/3.0.1.1008/include",
					"../../../../../../sdk/telemetry/3.0.1.1008/include",
					"../../../../../../sdk/telemetry/3.0.1.1008/include",
					.,
					"../../../carbon/src",
					"../../../../../../sdk/libnestegg/2015.03.23_modified/include",
					"../../../../../../sdk/libvpx/1.6.1/include",
					"../../../../../../sdk/vorbis/1.3.2-1.3.5/include",
					..,
					);
				CLANG_WARN_INT_CONVERSION = YES;
				GCC_GENERATE_TEST_COVERAGE_FILES = YES;
				GCC_WARN_64_TO_32_BIT_CONVERSION = YES;
				CLANG_CXX_LANGUAGE_STANDARD = "gnu++0x";
				OTHER_LDFLAGS = "-headerpad_max_install_names";
				CLANG_WARN_ENUM_CONVERSION = YES;
				CLANG_WARN_EMPTY_BODY = YES;
				GCC_WARN_ABOUT_RETURN_TYPE = YES;
				PRODUCT_NAME = VideoPlayerTest;
				ARCHS = "$(ARCHS_STANDARD_64_BIT)";
				GCC_WARN_UNINITIALIZED_AUTOS = YES;
				CONFIGURATION_BUILD_DIR = "$(BUILD_DIR)/";
				MACOSX_DEPLOYMENT_TARGET = 10.8;
				GCC_OPTIMIZATION_LEVEL = 0;
				ONLY_ACTIVE_ARCH = YES;
				GCC_SYMBOLS_PRIVATE_EXTERN = YES;
				CLANG_WARN__DUPLICATE_METHOD_MATCH = YES;
				CLANG_WARN_CONSTANT_CONVERSION = YES;
				GCC_C_LANGUAGE_STANDARD = gnu99;
				GCC_ENABLE_OBJC_EXCEPTIONS = YES;
				LIBRARY_SEARCH_PATHS = (
					"../../../../../../sdk/googletest/1.6.0/lib/MacOsX$(ARCHS)",
					"../../../../../../shared_tools/python/27_mac/lib",
					"../../../../../../shared_tools/python/27_mac/lib",
					"../../../../../../sdk/telemetry/3.0.1.1008/lib",
					"../../../carbon/autobuild/CcpCore/MacOsX$(ARCHS)/clang4.2/",
					"../../../../../../sdk/telemetry/3.0.1.1008/lib",
					"../../../carbon/autobuild/CcpCore/MacOsX$(ARCHS)/clang4.2/",
					"../../../../../../sdk/telemetry/3.0.1.1008/lib",
					"../../../carbon/autobuild/CcpCore/MacOsX$(ARCHS)/clang4.2/",
					"../../autobuild/BlueExposure/exefile/MacOsX$(ARCHS)/clang4.2",
					"../../../../../../sdk/googletest/1.6.0/lib/MacOsX$(ARCHS)",
					"../../../../../../shared_tools/python/27_mac/lib",
					"../../../../../../shared_tools/python/27_mac/lib",
					"../../../../../../sdk/telemetry/3.0.1.1008/lib",
					"../../../../../../sdk/telemetry/3.0.1.1008/lib",
					"../../../carbon/autobuild/CcpCore/MacOsX$(ARCHS)/clang4.2/",
					"../../../../../../sdk/telemetry/3.0.1.1008/lib",
					"../../../../../../sdk/telemetry/3.0.1.1008/lib",
					"../../../carbon/autobuild/CcpCore/MacOsX$(ARCHS)/clang4.2/",
					"../../../../../../sdk/telemetry/3.0.1.1008/lib",
					"../../../carbon/autobuild/CcpCore/MacOsX$(ARCHS)/clang4.2/",
					"../../../../../../sdk/libnestegg/2015.03.23_modified/lib/MacOsX$(ARCHS)/clang4.2",
					"../../../../../../sdk/libvpx/1.6.1/lib/MacOsX$(ARCHS)/clang4.2",
					"../../../../../../sdk/vorbis/1.3.2-1.3.5/lib/MacOsX$(ARCHS)/clang4.2",
					);
				SYMROOT = "../../autobuild/VideoPlayer/python_27/MacOsX$(ARCHS)/clang4.2";
				OBJROOT = "../temp/VideoPlayer/python_27/MacOsX$(ARCHS)/$(CONFIGURATION)/clang4.2";
				GCC_TREAT_WARNINGS_AS_ERRORS = YES;
				GCC_PRECOMPILE_PREFIX_HEADER = YES;
				CONFIGURATION_TEMP_DIR = "../temp/VideoPlayer/python_27/MacOsX$(ARCHS)/$(CONFIGURATION)/clang4.2";
				GCC_PREPROCESSOR_DEFINITIONS = (
					NDEBUG,
					"CCP_ASSERT_ENABLED=1",
					"BLUE_WITH_PYTHON=1",
					NDEBUG,
					WITH_TESTS,
					"GTEST_USE_OWN_TR1_TUPLE=1",
					"PyMODINIT_FUNC=\"__attribute((visibility(\\\"default\\\"))) extern \\\"C\\\" void\"",
					"BLUE_WITH_PYTHON=1",
					"PyMODINIT_FUNC=\"__attribute((visibility(\\\"default\\\"))) extern \\\"C\\\" void\"",
					BLUEBUILD_STATIC,
					BLUEBUILD_STATIC,
					"GTEST_USE_OWN_TR1_TUPLE=1",
					"BLUE_WITH_PYTHON=1",
					"PyMODINIT_FUNC=\"__attribute((visibility(\\\"default\\\"))) extern \\\"C\\\" void\"",
					"BLUE_WITH_PYTHON=1",
					"PyMODINIT_FUNC=\"__attribute((visibility(\\\"default\\\"))) extern \\\"C\\\" void\"",
					BLUEBUILD_STATIC,
					BLUEBUILD_STATIC,
					BLUEBUILD_STATIC,
					"$(inherited)",
					);
				COPY_PHASE_STRIP = NO;
				CLANG_CXX_LIBRARY = "libc++";
				GCC_PREFIX_HEADER = StdAfx.h;
				GCC_INSTRUMENT_PROGRAM_FLOW_ARCS = YES;
				GCC_DYNAMIC_NO_PIC = NO;
				SDKROOT = macosx;
				ALWAYS_SEARCH_USER_PATHS = NO;
				};
			name = Release;
			};
		0000003A000031cfc05e2f34 = {
			name = IAudioDecoder.h;
			fileEncoding = 4;
			lastKnownFileType = sourcecode.cpp.h;
			path = IAudioDecoder.h;
			isa = PBXFileReference;
			sourceTree = "<group>";
			};
		0000001A000031cfc05e2f34 = {
			name = VideoPlayerResult.cpp;
			fileEncoding = 4;
			lastKnownFileType = sourcecode.cpp.cpp;
			path = VideoPlayerResult.cpp;
			isa = PBXFileReference;
			sourceTree = "<group>";
			};
		00000042000031cfc05e2f34 = {
			name = IVideoDecoder.h;
			fileEncoding = 4;
			lastKnownFileType = sourcecode.cpp.h;
			path = IVideoDecoder.h;
			isa = PBXFileReference;
			sourceTree = "<group>";
			};
		00000077000031cfc05e2f34 = {
			isa = PBXGroup;
			children = (
				00000071000031cfc05e2f34,
				00000073000031cfc05e2f34,
				);
			sourceTree = "<group>";
			};
		00000011000031cfc05e2f34 = {
			isa = PBXBuildFile;
			fileRef = 00000012000031cfc05e2f34;
			};
		0000002A000031cfc05e2f34 = {
			name = TestFrameQueue.cpp;
			fileEncoding = 4;
			lastKnownFileType = sourcecode.cpp.cpp;
			path = "test/TestFrameQueue.cpp";
			isa = PBXFileReference;
			sourceTree = "<group>";
			};
		00000023000031cfc05e2f34 = {
			isa = PBXBuildFile;
			fileRef = 00000024000031cfc05e2f34;
			};
		00000029000031cfc05e2f34 = {
			isa = PBXBuildFile;
			fileRef = 0000002A000031cfc05e2f34;
			};
		00000071000031cfc05e2f34 = {
			isa = PBXGroup;
			sourceTree = "<group>";
			children = (
				00000072000031cfc05e2f34,
				00000002000031cfc05e2f34,
				00000036000031cfc05e2f34,
				00000004000031cfc05e2f34,
				00000038000031cfc05e2f34,
				00000006000031cfc05e2f34,
				0000003A000031cfc05e2f34,
				00000008000031cfc05e2f34,
				0000003C000031cfc05e2f34,
				0000003E000031cfc05e2f34,
				0000000A000031cfc05e2f34,
				00000040000031cfc05e2f34,
				0000000C000031cfc05e2f34,
				00000042000031cfc05e2f34,
				0000000E000031cfc05e2f34,
				00000044000031cfc05e2f34,
				00000010000031cfc05e2f34,
				00000046000031cfc05e2f34,
				00000012000031cfc05e2f34,
				00000048000031cfc05e2f34,
				00000014000031cfc05e2f34,
				0000004A000031cfc05e2f34,
				00000016000031cfc05e2f34,
				0000004C000031cfc05e2f34,
				0000001A000031cfc05e2f34,
				0000004E000031cfc05e2f34,
				0000001C000031cfc05e2f34,
				00000018000031cfc05e2f34,
				0000001E000031cfc05e2f34,
				00000050000031cfc05e2f34,
				00000020000031cfc05e2f34,
				00000052000031cfc05e2f34,
				00000022000031cfc05e2f34,
				00000054000031cfc05e2f34,
				00000024000031cfc05e2f34,
				00000026000031cfc05e2f34,
				00000056000031cfc05e2f34,
				);
			name = "Source Files";
			};
		00000081000031cfc05e2f34 = {
			files = (
				0000005B000031cfc05e2f34,
				00000067000031cfc05e2f34,
				00000061000031cfc05e2f34,
				00000063000031cfc05e2f34,
				00000065000031cfc05e2f34,
				0000005F000031cfc05e2f34,
				00000069000031cfc05e2f34,
				0000006B000031cfc05e2f34,
				0000006F000031cfc05e2f34,
				);
			buildActionMask = 2147483647;
			isa = PBXFrameworksBuildPhase;
			runOnlyForDeploymentPostprocessing = 0;
			};
		0000001C000031cfc05e2f34 = {
			name = VideoPlayerResult_Blue.cpp;
			fileEncoding = 4;
			lastKnownFileType = sourcecode.cpp.cpp;
			path = VideoPlayerResult_Blue.cpp;
			isa = PBXFileReference;
			sourceTree = "<group>";
			};
		00000035000031cfc05e2f34 = {
			isa = PBXBuildFile;
			fileRef = 00000036000031cfc05e2f34;
			};
		00000063000031cfc05e2f34 = {
			isa = PBXBuildFile;
			fileRef = 00000064000031cfc05e2f34;
			};
		00000022000031cfc05e2f34 = {
			name = WaveOutAudioSink.cpp;
			fileEncoding = 4;
			lastKnownFileType = sourcecode.cpp.cpp;
			path = WaveOutAudioSink.cpp;
			isa = PBXFileReference;
			sourceTree = "<group>";
			};
		00000054000031cfc05e2f34 = {
			name = WaveOutAudioSink.h;
			fileEncoding = 4;
			lastKnownFileType = sourcecode.cpp.h;
			path = WaveOutAudioSink.h;
			isa = PBXFileReference;
			sourceTree = "<group>";
			};
		00000026000031cfc05e2f34 = {
			name = WebMParser.cpp;
			fileEncoding = 4;
			lastKnownFileType = sourcecode.cpp.cpp;
			path = WebMParser.cpp;
			isa = PBXFileReference;
			sourceTree = "<group>";
			};
		0000005A000031cfc05e2f34 = {
			name = libpython2.7.a;
			fileEncoding = 4;
			lastKnownFileType = archive.ar;
			path = "../../bin/stackless/MacOsXx86_64/libpython2.7.a";
			isa = PBXFileReference;
			sourceTree = "<group>";
			};
		0000003C000031cfc05e2f34 = {
			name = IAudioSink.h;
			fileEncoding = 4;
			lastKnownFileType = sourcecode.cpp.h;
			path = IAudioSink.h;
			isa = PBXFileReference;
			sourceTree = "<group>";
			};
		0000006C000031cfc05e2f34 = {
			name = libvpx.a;
			fileEncoding = 4;
			lastKnownFileType = archive.ar;
			path = "../../../../../../sdk/libvpx/1.6.1/lib/MacOsXx86_64/clang4.2/libvpx.a";
			isa = PBXFileReference;
			sourceTree = "<group>";
			};
		0000004D000031cfc05e2f34 = {
			isa = PBXBuildFile;
			fileRef = 0000004E000031cfc05e2f34;
			};
		0000002D000031cfc05e2f34 = {
			isa = PBXBuildFile;
			fileRef = 0000002E000031cfc05e2f34;
			};
		00000037000031cfc05e2f34 = {
			isa = PBXBuildFile;
			fileRef = 00000038000031cfc05e2f34;
			};
		0000002E000031cfc05e2f34 = {
			name = TestVideoPlayerController.cpp;
			fileEncoding = 4;
			lastKnownFileType = sourcecode.cpp.cpp;
			path = "test/TestVideoPlayerController.cpp";
			isa = PBXFileReference;
			sourceTree = "<group>";
			};
		00000055000031cfc05e2f34 = {
			isa = PBXBuildFile;
			fileRef = 00000056000031cfc05e2f34;
			};
		00000002000031cfc05e2f34 = {
			name = Audio2Sink.cpp;
			fileEncoding = 4;
			lastKnownFileType = sourcecode.cpp.cpp;
			path = Audio2Sink.cpp;
			isa = PBXFileReference;
			sourceTree = "<group>";
			};
		00000016000031cfc05e2f34 = {
			name = VideoPlayer.cpp;
			fileEncoding = 4;
			lastKnownFileType = sourcecode.cpp.cpp;
			path = VideoPlayer.cpp;
			isa = PBXFileReference;
			sourceTree = "<group>";
			};
		00000084000031cfc05e2f34 = {
			isa = XCBuildConfiguration;
			buildSettings = {
				HEADER_SEARCH_PATHS = (
					"../../../../../../shared_tools/python/27_mac/include/python2.7",
					"../../../../../../sdk/telemetry/3.0.1.1008/include",
					"../../../../../../sdk/telemetry/3.0.1.1008/include",
					"../../../../../../shared_tools/python/27_mac/include/python2.7",
					"../../../../../../shared_tools/python/27_mac/include/python2.7",
					"../../../../../../shared_tools/python/27_mac/include/python2.7",
					"../../../../../../sdk/telemetry/3.0.1.1008/include",
					"../../../../../../sdk/telemetry/3.0.1.1008/include",
					"../../../../../../sdk/telemetry/3.0.1.1008/include",
					"../../../../../../shared_tools/python/27_mac/include/python2.7",
					"../../../../../../sdk/telemetry/3.0.1.1008/include",
					.,
					"../../../carbon/src",
					"../../../../../../sdk/libnestegg/2015.03.23_modified/include",
					"../../../../../../sdk/libvpx/1.6.1/include",
					"../../../../../../sdk/vorbis/1.3.2-1.3.5/include",
					..,
					);
				CLANG_WARN_INT_CONVERSION = YES;
				GCC_WARN_64_TO_32_BIT_CONVERSION = YES;
				CLANG_CXX_LANGUAGE_STANDARD = "gnu++0x";
				OTHER_LDFLAGS = "-headerpad_max_install_names";
				CLANG_WARN_ENUM_CONVERSION = YES;
				CLANG_WARN_EMPTY_BODY = YES;
				GCC_WARN_ABOUT_RETURN_TYPE = YES;
				PRODUCT_NAME = _videoplayer;
				ARCHS = "$(ARCHS_STANDARD_64_BIT)";
				GCC_WARN_UNINITIALIZED_AUTOS = YES;
				CONFIGURATION_BUILD_DIR = "$(BUILD_DIR)/";
				MACOSX_DEPLOYMENT_TARGET = 10.8;
				GCC_OPTIMIZATION_LEVEL = s;
				ONLY_ACTIVE_ARCH = YES;
				GCC_SYMBOLS_PRIVATE_EXTERN = YES;
				CLANG_WARN__DUPLICATE_METHOD_MATCH = YES;
				CLANG_WARN_CONSTANT_CONVERSION = YES;
				GCC_C_LANGUAGE_STANDARD = gnu99;
				GCC_ENABLE_OBJC_EXCEPTIONS = YES;
				LIBRARY_SEARCH_PATHS = (
					"../../../../../../shared_tools/python/27_mac/lib",
					"../../../../../../sdk/telemetry/3.0.1.1008/lib",
					"../../../carbon/autobuild/blue/python_27/MacOsX$(ARCHS)/clang4.2/",
					"../../../../../../sdk/telemetry/3.0.1.1008/lib",
					"../../../carbon/autobuild/CcpCore/MacOsX$(ARCHS)/clang4.2/",
					"../../../../../../shared_tools/python/27_mac/lib",
					"../../../../../../shared_tools/python/27_mac/lib",
					"../../../../../../shared_tools/python/27_mac/lib",
					"../../../../../../sdk/telemetry/3.0.1.1008/lib",
					"../../../../../../sdk/telemetry/3.0.1.1008/lib",
					"../../../../../../sdk/telemetry/3.0.1.1008/lib",
					"../../../carbon/autobuild/blue/python_27/MacOsX$(ARCHS)/clang4.2/",
					"../../../../../../shared_tools/python/27_mac/lib",
					"../../../../../../sdk/telemetry/3.0.1.1008/lib",
					"../../../carbon/autobuild/CcpCore/MacOsX$(ARCHS)/clang4.2/",
					"../../../../../../sdk/libnestegg/2015.03.23_modified/lib/MacOsX$(ARCHS)/clang4.2",
					"../../../../../../sdk/libvpx/1.6.1/lib/MacOsX$(ARCHS)/clang4.2",
					"../../../../../../sdk/vorbis/1.3.2-1.3.5/lib/MacOsX$(ARCHS)/clang4.2",
					);
				SYMROOT = "../../autobuild/videoplayer/python_27/MacOsX$(ARCHS)/clang4.2";
				OBJROOT = "../temp/VideoPlayer/python_27/MacOsX$(ARCHS)/$(CONFIGURATION)/clang4.2";
				GCC_TREAT_WARNINGS_AS_ERRORS = YES;
				LD_DYLIB_INSTALL_NAME = "@rpath/$(PRODUCT_NAME).so";
				GCC_PRECOMPILE_PREFIX_HEADER = YES;
				CONFIGURATION_TEMP_DIR = "../temp/VideoPlayer/python_27/MacOsX$(ARCHS)/$(CONFIGURATION)/clang4.2";
				GCC_PREPROCESSOR_DEFINITIONS = (
					NDEBUG,
					"BLUE_WITH_PYTHON=1",
					"PyMODINIT_FUNC=\"__attribute((visibility(\\\"default\\\"))) extern \\\"C\\\" void\"",
					"BLUE_WITH_PYTHON=1",
					"PyMODINIT_FUNC=\"__attribute((visibility(\\\"default\\\"))) extern \\\"C\\\" void\"",
					"BLUE_WITH_PYTHON=1",
					"PyMODINIT_FUNC=\"__attribute((visibility(\\\"default\\\"))) extern \\\"C\\\" void\"",
					"BLUE_WITH_PYTHON=1",
					"PyMODINIT_FUNC=\"__attribute((visibility(\\\"default\\\"))) extern \\\"C\\\" void\"",
					"BLUE_WITH_PYTHON=1",
					"PyMODINIT_FUNC=\"__attribute((visibility(\\\"default\\\"))) extern \\\"C\\\" void\"",
					"$(inherited)",
					);
				COPY_PHASE_STRIP = NO;
				CLANG_CXX_LIBRARY = "libc++";
				GCC_PREFIX_HEADER = StdAfx.h;
				EXECUTABLE_EXTENSION = so;
				GCC_DYNAMIC_NO_PIC = NO;
				SDKROOT = macosx;
				ALWAYS_SEARCH_USER_PATHS = NO;
				};
			name = Release;
			};
		00000050000031cfc05e2f34 = {
			name = VorbisDecoder.h;
			fileEncoding = 4;
			lastKnownFileType = sourcecode.cpp.h;
			path = VorbisDecoder.h;
			isa = PBXFileReference;
			sourceTree = "<group>";
			};
		0000003D000031cfc05e2f34 = {
			isa = PBXBuildFile;
			fileRef = 0000003E000031cfc05e2f34;
			};
		0000002B000031cfc05e2f34 = {
			isa = PBXBuildFile;
			fileRef = 0000002C000031cfc05e2f34;
			};
		00000062000031cfc05e2f34 = {
			name = libCcpCore.a;
			fileEncoding = 4;
			lastKnownFileType = archive.ar;
			path = "../../autobuild/CcpCore/MacOsXx86_64/clang4.2/libCcpCore.a";
			isa = PBXFileReference;
			sourceTree = "<group>";
			};
		0000006E000031cfc05e2f34 = {
			name = blue.so;
			fileEncoding = 4;
			lastKnownFileType = "compiled.mach-o.dylib";
			path = "../../autobuild/blue/python_27/MacOsXx86_64/clang4.2/blue.so";
			isa = PBXFileReference;
			sourceTree = "<group>";
			};
		00000017000031cfc05e2f34 = {
			isa = PBXBuildFile;
			fileRef = 00000018000031cfc05e2f34;
			};
		00000056000031cfc05e2f34 = {
			name = WebMParser.h;
			fileEncoding = 4;
			lastKnownFileType = sourcecode.cpp.h;
			path = WebMParser.h;
			isa = PBXFileReference;
			sourceTree = "<group>";
			};
		0000004F000031cfc05e2f34 = {
			isa = PBXBuildFile;
			fileRef = 00000050000031cfc05e2f34;
			};
		00000012000031cfc05e2f34 = {
			name = Timer.cpp;
			fileEncoding = 4;
			lastKnownFileType = sourcecode.cpp.cpp;
			path = Timer.cpp;
			isa = PBXFileReference;
			sourceTree = "<group>";
			};
		0000001F000031cfc05e2f34 = {
			isa = PBXBuildFile;
			fileRef = 00000020000031cfc05e2f34;
			};
		0000003F000031cfc05e2f34 = {
			isa = PBXBuildFile;
			fileRef = 00000040000031cfc05e2f34;
			};
		00000049000031cfc05e2f34 = {
			isa = PBXBuildFile;
			fileRef = 0000004A000031cfc05e2f34;
			};
		00000079000031cfc05e2f34 = {
			dependencies = (
				);
			productReference = 00000074000031cfc05e2f34;
			name = Release_27_Mac64;
			productType = "com.apple.product-type.library.dynamic";
			buildRules = (
				);
			isa = PBXNativeTarget;
			productName = videoplayer;
			buildConfigurationList = 0000007A000031cfc05e2f34;
			buildPhases = (
				00000078000031cfc05e2f34,
				0000007B000031cfc05e2f34,
				);
			};
		00000043000031cfc05e2f34 = {
			isa = PBXBuildFile;
			fileRef = 00000044000031cfc05e2f34;
			};
		0000004A000031cfc05e2f34 = {
			name = VideoController.h;
			fileEncoding = 4;
			lastKnownFileType = sourcecode.cpp.h;
			path = VideoController.h;
			isa = PBXFileReference;
			sourceTree = "<group>";
			};
		00000069000031cfc05e2f34 = {
			isa = PBXBuildFile;
			fileRef = 0000006A000031cfc05e2f34;
			};
		0000007A000031cfc05e2f34 = {
			isa = XCConfigurationList;
			defaultConfigurationName = Release;
			buildConfigurations = (
				00000084000031cfc05e2f34,
				);
			defaultConfigurationIsVisible = 0;
			};
		00000014000031cfc05e2f34 = {
			name = VideoController.cpp;
			fileEncoding = 4;
			lastKnownFileType = sourcecode.cpp.cpp;
			path = VideoController.cpp;
			isa = PBXFileReference;
			sourceTree = "<group>";
			};
		00000053000031cfc05e2f34 = {
			isa = PBXBuildFile;
			fileRef = 00000054000031cfc05e2f34;
			};
		0000007E000031cfc05e2f34 = {
			files = (
				00000059000031cfc05e2f34,
				0000005B000031cfc05e2f34,
				0000005D000031cfc05e2f34,
				00000061000031cfc05e2f34,
				00000063000031cfc05e2f34,
				00000067000031cfc05e2f34,
				0000006B000031cfc05e2f34,
				0000006F000031cfc05e2f34,
				);
			buildActionMask = 2147483647;
			isa = PBXFrameworksBuildPhase;
			runOnlyForDeploymentPostprocessing = 0;
			};
		0000000A000031cfc05e2f34 = {
			name = IVideoContainerParser.cpp;
			fileEncoding = 4;
			lastKnownFileType = sourcecode.cpp.cpp;
			path = IVideoContainerParser.cpp;
			isa = PBXFileReference;
			sourceTree = "<group>";
			};
		0000006D000031cfc05e2f34 = {
			isa = PBXBuildFile;
			fileRef = 0000006E000031cfc05e2f34;
			};
		00000048000031cfc05e2f34 = {
			name = Timer.h;
			fileEncoding = 4;
			lastKnownFileType = sourcecode.cpp.h;
			path = Timer.h;
			isa = PBXFileReference;
			sourceTree = "<group>";
			};
		00000009000031cfc05e2f34 = {
			isa = PBXBuildFile;
			fileRef = 0000000A000031cfc05e2f34;
			};
		00000073000031cfc05e2f34 = {
			isa = PBXGroup;
			sourceTree = "<group>";
			children = (
				0000005C000031cfc05e2f34,
				00000062000031cfc05e2f34,
				00000064000031cfc05e2f34,
				00000068000031cfc05e2f34,
				0000006A000031cfc05e2f34,
				0000006C000031cfc05e2f34,
				0000006E000031cfc05e2f34,
				00000070000031cfc05e2f34,
				0000005A000031cfc05e2f34,
				0000005C000031cfc05e2f34,
				0000005E000031cfc05e2f34,
				00000062000031cfc05e2f34,
				00000064000031cfc05e2f34,
				00000068000031cfc05e2f34,
				0000006C000031cfc05e2f34,
				00000070000031cfc05e2f34,
				0000005C000031cfc05e2f34,
				00000068000031cfc05e2f34,
				00000062000031cfc05e2f34,
				00000064000031cfc05e2f34,
				00000066000031cfc05e2f34,
				00000060000031cfc05e2f34,
				0000006A000031cfc05e2f34,
				0000006C000031cfc05e2f34,
				00000070000031cfc05e2f34,
				);
			name = Dependencies;
			};
		0000005E000031cfc05e2f34 = {
			name = blue.so;
			fileEncoding = 4;
			lastKnownFileType = "compiled.mach-o.dylib";
			path = "../../autobuild/blue/exefile/MacOsXx86_64/clang4.2/blue.so";
			isa = PBXFileReference;
			sourceTree = "<group>";
			};
		00000001000031cfc05e2f34 = {
			isa = PBXBuildFile;
			fileRef = 00000002000031cfc05e2f34;
			};
		0000007F000031cfc05e2f34 = {
			dependencies = (
				);
			productReference = 00000076000031cfc05e2f34;
			name = Dev_Test_Mac64;
			productType = "com.apple.product-type.tool";
			buildRules = (
				);
			isa = PBXNativeTarget;
			productName = videoplayer;
			buildConfigurationList = 00000080000031cfc05e2f34;
			buildPhases = (
				00000078000031cfc05e2f34,
				00000081000031cfc05e2f34,
				);
			};
		00000051000031cfc05e2f34 = {
			isa = PBXBuildFile;
			fileRef = 00000052000031cfc05e2f34;
			};
		00000067000031cfc05e2f34 = {
			isa = PBXBuildFile;
			fileRef = 00000068000031cfc05e2f34;
			};
		00000008000031cfc05e2f34 = {
			name = IAudioSink.cpp;
			fileEncoding = 4;
			lastKnownFileType = sourcecode.cpp.cpp;
			path = IAudioSink.cpp;
			isa = PBXFileReference;
			sourceTree = "<group>";
			};
		0000004C000031cfc05e2f34 = {
			name = VideoPlayer.h;
			fileEncoding = 4;
			lastKnownFileType = sourcecode.cpp.h;
			path = VideoPlayer.h;
			isa = PBXFileReference;
			sourceTree = "<group>";
			};
		00000024000031cfc05e2f34 = {
			name = WaveOutAudioSink_Blue.cpp;
			fileEncoding = 4;
			lastKnownFileType = sourcecode.cpp.cpp;
			path = WaveOutAudioSink_Blue.cpp;
			isa = PBXFileReference;
			sourceTree = "<group>";
			};
		0000006A000031cfc05e2f34 = {
			name = libpython2.7.dylib;
			fileEncoding = 4;
			lastKnownFileType = "compiled.mach-o.dylib";
			path = "../../../../../../shared_tools/python/27_mac/lib/libpython2.7.dylib";
			isa = PBXFileReference;
			sourceTree = "<group>";
			};
		00000075000031cfc05e2f34 = {
			path = _videoplayer.dll;
			isa = PBXFileReference;
			includeInIndex = 0;
			explicitFileType = "compiled.mach-o.dylib";
			sourceTree = BUILT_PRODUCTS_DIR;
			};
		0000005B000031cfc05e2f34 = {
			isa = PBXBuildFile;
			fileRef = 0000005C000031cfc05e2f34;
			};
		0000003B000031cfc05e2f34 = {
			isa = PBXBuildFile;
			fileRef = 0000003C000031cfc05e2f34;
			};
		0000007D000031cfc05e2f34 = {
			isa = XCConfigurationList;
			defaultConfigurationName = Release;
			buildConfigurations = (
				00000085000031cfc05e2f34,
				);
			defaultConfigurationIsVisible = 0;
			};
		00000007000031cfc05e2f34 = {
			isa = PBXBuildFile;
			fileRef = 00000008000031cfc05e2f34;
			};
		0000001B000031cfc05e2f34 = {
			isa = PBXBuildFile;
			fileRef = 0000001C000031cfc05e2f34;
			};
		00000059000031cfc05e2f34 = {
			isa = PBXBuildFile;
			fileRef = 0000005A000031cfc05e2f34;
			};
		0000004B000031cfc05e2f34 = {
			isa = PBXBuildFile;
			fileRef = 0000004C000031cfc05e2f34;
			};
		00000068000031cfc05e2f34 = {
			name = libogg.a;
			fileEncoding = 4;
			lastKnownFileType = archive.ar;
			path = "../../../../../../sdk/vorbis/1.3.2-1.3.5/lib/MacOsXx86_64/clang4.2/libogg.a";
			isa = PBXFileReference;
			sourceTree = "<group>";
			};
		00000038000031cfc05e2f34 = {
			name = FrameQueue.h;
			fileEncoding = 4;
			lastKnownFileType = sourcecode.cpp.h;
			path = FrameQueue.h;
			isa = PBXFileReference;
			sourceTree = "<group>";
			};
		00000072000031cfc05e2f34 = {
			isa = PBXGroup;
			sourceTree = "<group>";
			children = (
				0000002A000031cfc05e2f34,
				0000002C000031cfc05e2f34,
				00000058000031cfc05e2f34,
				0000002E000031cfc05e2f34,
				00000030000031cfc05e2f34,
				00000032000031cfc05e2f34,
				00000034000031cfc05e2f34,
				00000028000031cfc05e2f34,
				);
			name = test;
			};
		00000076000031cfc05e2f34 = {
			path = VideoPlayerTest.pyd;
			isa = PBXFileReference;
			includeInIndex = 0;
			explicitFileType = "compiled.mach-o.executable";
			sourceTree = BUILT_PRODUCTS_DIR;
			};
		00000031000031cfc05e2f34 = {
			isa = PBXBuildFile;
			fileRef = 00000032000031cfc05e2f34;
			};
		00000065000031cfc05e2f34 = {
			isa = PBXBuildFile;
			fileRef = 00000066000031cfc05e2f34;
			};
		0000003E000031cfc05e2f34 = {
			name = IAudioSinkExposed.h;
			fileEncoding = 4;
			lastKnownFileType = sourcecode.cpp.h;
			path = IAudioSinkExposed.h;
			isa = PBXFileReference;
			sourceTree = "<group>";
			};
		00000010000031cfc05e2f34 = {
			name = StdAfx.cpp;
			fileEncoding = 4;
			lastKnownFileType = sourcecode.cpp.cpp;
			path = StdAfx.cpp;
			isa = PBXFileReference;
			sourceTree = "<group>";
			};
		0000001E000031cfc05e2f34 = {
			name = VorbisDecoder.cpp;
			fileEncoding = 4;
			lastKnownFileType = sourcecode.cpp.cpp;
			path = VorbisDecoder.cpp;
			isa = PBXFileReference;
			sourceTree = "<group>";
			};
		00000083000031cfc05e2f34 = {
			isa = XCConfigurationList;
			defaultConfigurationName = Release;
			buildConfigurations = (
				00000087000031cfc05e2f34,
				);
			defaultConfigurationIsVisible = 0;
			};
		0000004E000031cfc05e2f34 = {
			name = VideoPlayerResult.h;
			fileEncoding = 4;
			lastKnownFileType = sourcecode.cpp.h;
			path = VideoPlayerResult.h;
			isa = PBXFileReference;
			sourceTree = "<group>";
			};
		00000070000031cfc05e2f34 = {
			name = CoreFoundation.framework;
			fileEncoding = 4;
			lastKnownFileType = wrapper.framework;
			path = "/System/Library/Frameworks/CoreFoundation.framework";
			isa = PBXFileReference;
			sourceTree = "<group>";
			};
		00000006000031cfc05e2f34 = {
			name = IAudioDecoder.cpp;
			fileEncoding = 4;
			lastKnownFileType = sourcecode.cpp.cpp;
			path = IAudioDecoder.cpp;
			isa = PBXFileReference;
			sourceTree = "<group>";
			};
		00000034000031cfc05e2f34 = {
			name = TestWebMParser.cpp;
			fileEncoding = 4;
			lastKnownFileType = sourcecode.cpp.cpp;
			path = "test/TestWebMParser.cpp";
			isa = PBXFileReference;
			sourceTree = "<group>";
			};
		0000006F000031cfc05e2f34 = {
			isa = PBXBuildFile;
			fileRef = 00000070000031cfc05e2f34;
			};
		00000018000031cfc05e2f34 = {
			name = VideoPlayer_Blue.cpp;
			fileEncoding = 4;
			lastKnownFileType = sourcecode.cpp.cpp;
			path = VideoPlayer_Blue.cpp;
			isa = PBXFileReference;
			sourceTree = "<group>";
			};
		};
	objectVersion = 46;
	rootObject = 00000082000031cfc05e2f34;
	}