<?xml version="1.0" encoding="utf-8"?>
<Project ToolsVersion="4.0" xmlns="http://schemas.microsoft.com/developer/msbuild/2003">
  <ItemGroup>
    <Filter Include="Source Files">
      <UniqueIdentifier>{fb1c6db8-ce1c-5381-8e10-c7d6f5ab7ffb}</UniqueIdentifier>
    </Filter>
    <Filter Include="Source Files\test">
      <UniqueIdentifier>{f0075231-ee4d-531e-ae69-089a636a76d2}</UniqueIdentifier>
    </Filter>
  </ItemGroup>
  <ItemGroup>
    <ClInclude Include="Audio2Sink.h">
      <Filter>Source Files</Filter>
    </ClInclude>
    <ClInclude Include="FrameQueue.h">
      <Filter>Source Files</Filter>
    </ClInclude>
    <ClInclude Include="IAudioDecoder.h">
      <Filter>Source Files</Filter>
    </ClInclude>
    <ClInclude Include="IAudioSink.h">
      <Filter>Source Files</Filter>
    </ClInclude>
    <ClInclude Include="IAudioSinkExposed.h">
      <Filter>Source Files</Filter>
    </ClInclude>
    <ClInclude Include="IVideoContainerParser.h">
      <Filter>Source Files</Filter>
    </ClInclude>
    <ClInclude Include="IVideoDecoder.h">
      <Filter>Source Files</Filter>
    </ClInclude>
    <ClInclude Include="Metadata.h">
      <Filter>Source Files</Filter>
    </ClInclude>
    <ClInclude Include="StdAfx.h">
      <Filter>Source Files</Filter>
    </ClInclude>
    <ClInclude Include="Timer.h">
      <Filter>Source Files</Filter>
    </ClInclude>
    <ClInclude Include="VideoController.h">
      <Filter>Source Files</Filter>
    </ClInclude>
    <ClInclude Include="VideoPlayer.h">
      <Filter>Source Files</Filter>
    </ClInclude>
    <ClInclude Include="VideoPlayerResult.h">
      <Filter>Source Files</Filter>
    </ClInclude>
    <ClInclude Include="VorbisDecoder.h">
      <Filter>Source Files</Filter>
    </ClInclude>
    <ClInclude Include="VpxDecoder.h">
      <Filter>Source Files</Filter>
    </ClInclude>
    <ClInclude Include="WaveOutAudioSink.h">
      <Filter>Source Files</Filter>
    </ClInclude>
    <ClInclude Include="WebMParser.h">
      <Filter>Source Files</Filter>
    </ClInclude>
    <ClInclude Include="test\TestUtilities.h">
      <Filter>Source Files\test</Filter>
    </ClInclude>
    <ClCompile Include="Audio2Sink.cpp">
      <Filter>Source Files</Filter>
    </ClCompile>
    <ClCompile Include="Audio2Sink_Blue.cpp">
      <Filter>Source Files</Filter>
    </ClCompile>
    <ClCompile Include="IAudioDecoder.cpp">
      <Filter>Source Files</Filter>
    </ClCompile>
    <ClCompile Include="IAudioSink.cpp">
      <Filter>Source Files</Filter>
    </ClCompile>
    <ClCompile Include="IVideoContainerParser.cpp">
      <Filter>Source Files</Filter>
    </ClCompile>
    <ClCompile Include="IVideoDecoder.cpp">
      <Filter>Source Files</Filter>
    </ClCompile>
    <ClCompile Include="Metadata.cpp">
      <Filter>Source Files</Filter>
    </ClCompile>
    <ClCompile Include="StdAfx.cpp">
      <Filter>Source Files</Filter>
    </ClCompile>
    <ClCompile Include="Timer.cpp">
      <Filter>Source Files</Filter>
    </ClCompile>
    <ClCompile Include="VideoController.cpp">
      <Filter>Source Files</Filter>
    </ClCompile>
    <ClCompile Include="VideoPlayer.cpp">
      <Filter>Source Files</Filter>
    </ClCompile>
    <ClCompile Include="VideoPlayerResult.cpp">
      <Filter>Source Files</Filter>
    </ClCompile>
    <ClCompile Include="VideoPlayerResult_Blue.cpp">
      <Filter>Source Files</Filter>
    </ClCompile>
    <ClCompile Include="VideoPlayer_Blue.cpp">
      <Filter>Source Files</Filter>
    </ClCompile>
    <ClCompile Include="VorbisDecoder.cpp">
      <Filter>Source Files</Filter>
    </ClCompile>
    <ClCompile Include="VpxDecoder.cpp">
      <Filter>Source Files</Filter>
    </ClCompile>
    <ClCompile Include="WaveOutAudioSink.cpp">
      <Filter>Source Files</Filter>
    </ClCompile>
    <ClCompile Include="WaveOutAudioSink_Blue.cpp">
      <Filter>Source Files</Filter>
    </ClCompile>
    <ClCompile Include="WebMParser.cpp">
      <Filter>Source Files</Filter>
    </ClCompile>
    <ClCompile Include="test\main.cpp">
      <Filter>Source Files\test</Filter>
    </ClCompile>
    <ClCompile Include="test\TestFrameQueue.cpp">
      <Filter>Source Files\test</Filter>
    </ClCompile>
    <ClCompile Include="test\TestUtilities.cpp">
      <Filter>Source Files\test</Filter>
    </ClCompile>
    <ClCompile Include="test\TestVideoPlayerController.cpp">
      <Filter>Source Files\test</Filter>
    </ClCompile>
    <ClCompile Include="test\TestVorbisDecoder.cpp">
      <Filter>Source Files\test</Filter>
    </ClCompile>
    <ClCompile Include="test\TestVpxDecoder.cpp">
      <Filter>Source Files\test</Filter>
    </ClCompile>
    <ClCompile Include="test\TestWebMParser.cpp">
      <Filter>Source Files\test</Filter>
    </ClCompile>
  </ItemGroup>
</Project>
